<?xml version="1.0" encoding="utf-8"?>
<Project ToolsVersion="4.0" xmlns="http://schemas.microsoft.com/developer/msbuild/2003">
  <ItemGroup>
    <Filter Include="Source Files">
      <UniqueIdentifier>{bbf14dfd-8159-4707-9cfe-6a0684b82cf0}</UniqueIdentifier>
    </Filter>
    <Filter Include="Resources">
      <UniqueIdentifier>{af28a8e3-f52c-4156-be8e-858422b62a9f}</UniqueIdentifier>
    </Filter>
    <Filter Include="Header Files">
      <UniqueIdentifier>{1b1e3b46-b241-44a9-bed5-d0e60e887637}</UniqueIdentifier>
    </Filter>
  </ItemGroup>
  <ItemGroup>
    <ClCompile Include="mx.cpp">
      <Filter>Source Files</Filter>
    </ClCompile>
    <ClCompile Include="mxbmp.cpp">
      <Filter>Source Files</Filter>
    </ClCompile>
    <ClCompile Include="mxbutton.cpp">
      <Filter>Source Files</Filter>
    </ClCompile>
    <ClCompile Include="mxcheckbox.cpp">
      <Filter>Source Files</Filter>
    </ClCompile>
    <ClCompile Include="mxchoice.cpp">
      <Filter>Source Files</Filter>
    </ClCompile>
    <ClCompile Include="mxchoosecolor.cpp">
      <Filter>Source Files</Filter>
    </ClCompile>
    <ClCompile Include="mxfiledialog.cpp">
      <Filter>Source Files</Filter>
    </ClCompile>
    <ClCompile Include="mxglwindow.cpp">
      <Filter>Source Files</Filter>
    </ClCompile>
    <ClCompile Include="mxgroupbox.cpp">
      <Filter>Source Files</Filter>
    </ClCompile>
    <ClCompile Include="mxlabel.cpp">
      <Filter>Source Files</Filter>
    </ClCompile>
    <ClCompile Include="mxlineedit.cpp">
      <Filter>Source Files</Filter>
    </ClCompile>
    <ClCompile Include="mxlistbox.cpp">
      <Filter>Source Files</Filter>
    </ClCompile>
    <ClCompile Include="mxlistview.cpp">
      <Filter>Source Files</Filter>
    </ClCompile>
    <ClCompile Include="mxmatsyswindow.cpp">
      <Filter>Source Files</Filter>
    </ClCompile>
    <ClCompile Include="mxmenu.cpp">
      <Filter>Source Files</Filter>
    </ClCompile>
    <ClCompile Include="mxmenubar.cpp">
      <Filter>Source Files</Filter>
    </ClCompile>
    <ClCompile Include="mxmessagebox.cpp">
      <Filter>Source Files</Filter>
    </ClCompile>
    <ClCompile Include="mxpath.cpp">
      <Filter>Source Files</Filter>
    </ClCompile>
    <ClCompile Include="mxpcx.cpp">
      <Filter>Source Files</Filter>
    </ClCompile>
    <ClCompile Include="mxpopupmenu.cpp">
      <Filter>Source Files</Filter>
    </ClCompile>
    <ClCompile Include="mxprogressbar.cpp">
      <Filter>Source Files</Filter>
    </ClCompile>
    <ClCompile Include="mxradiobutton.cpp">
      <Filter>Source Files</Filter>
    </ClCompile>
    <ClCompile Include="mxscrollbar.cpp">
      <Filter>Source Files</Filter>
    </ClCompile>
    <ClCompile Include="mxslider.cpp">
      <Filter>Source Files</Filter>
    </ClCompile>
    <ClCompile Include="mxstring.cpp">
      <Filter>Source Files</Filter>
    </ClCompile>
    <ClCompile Include="mxtab.cpp">
      <Filter>Source Files</Filter>
    </ClCompile>
    <ClCompile Include="mxtga.cpp">
      <Filter>Source Files</Filter>
    </ClCompile>
    <ClCompile Include="mxtooltip.cpp">
      <Filter>Source Files</Filter>
    </ClCompile>
    <ClCompile Include="mxtreeview.cpp">
      <Filter>Source Files</Filter>
    </ClCompile>
    <ClCompile Include="mxwidget.cpp">
      <Filter>Source Files</Filter>
    </ClCompile>
    <ClCompile Include="mxwindow.cpp">
      <Filter>Source Files</Filter>
    </ClCompile>
  </ItemGroup>
  <ItemGroup>
    <None Include="mxtoolkitwin32.vpc">
      <Filter>Resources</Filter>
    </None>
  </ItemGroup>
  <ItemGroup>
    <ClInclude Include="..\..\public\mxtk\gl.h">
      <Filter>Header Files</Filter>
    </ClInclude>
    <ClInclude Include="..\..\public\mxtk\mx.h">
      <Filter>Header Files</Filter>
    </ClInclude>
    <ClInclude Include="..\..\public\mxtk\mxbmp.h">
      <Filter>Header Files</Filter>
    </ClInclude>
    <ClInclude Include="..\..\public\mxtk\mxbutton.h">
      <Filter>Header Files</Filter>
    </ClInclude>
    <ClInclude Include="..\..\public\mxtk\mxcheckbox.h">
      <Filter>Header Files</Filter>
    </ClInclude>
    <ClInclude Include="..\..\public\mxtk\mxchoice.h">
      <Filter>Header Files</Filter>
    </ClInclude>
    <ClInclude Include="..\..\public\mxtk\mxchoosecolor.h">
      <Filter>Header Files</Filter>
    </ClInclude>
    <ClInclude Include="..\..\public\mxtk\mxevent.h">
      <Filter>Header Files</Filter>
    </ClInclude>
    <ClInclude Include="..\..\public\mxtk\mxfiledialog.h">
      <Filter>Header Files</Filter>
    </ClInclude>
    <ClInclude Include="..\..\public\mxtk\mxglwindow.h">
      <Filter>Header Files</Filter>
    </ClInclude>
    <ClInclude Include="..\..\public\mxtk\mxgroupbox.h">
      <Filter>Header Files</Filter>
    </ClInclude>
    <ClInclude Include="..\..\public\mxtk\mximage.h">
      <Filter>Header Files</Filter>
    </ClInclude>
    <ClInclude Include="..\..\public\mxtk\mxinit.h">
      <Filter>Header Files</Filter>
    </ClInclude>
    <ClInclude Include="..\..\public\mxtk\mxlabel.h">
      <Filter>Header Files</Filter>
    </ClInclude>
    <ClInclude Include="..\..\public\mxtk\mxlineedit.h">
      <Filter>Header Files</Filter>
    </ClInclude>
    <ClInclude Include="..\..\public\mxtk\mxlinkedlist.h">
      <Filter>Header Files</Filter>
    </ClInclude>
    <ClInclude Include="..\..\public\mxtk\mxlistbox.h">
      <Filter>Header Files</Filter>
    </ClInclude>
    <ClInclude Include="..\..\public\mxtk\mxlistview.h">
      <Filter>Header Files</Filter>
    </ClInclude>
    <ClInclude Include="..\..\public\mxtk\mxmatsyswindow.h">
      <Filter>Header Files</Filter>
    </ClInclude>
    <ClInclude Include="..\..\public\mxtk\mxmenu.h">
      <Filter>Header Files</Filter>
    </ClInclude>
    <ClInclude Include="..\..\public\mxtk\mxmenubar.h">
      <Filter>Header Files</Filter>
    </ClInclude>
    <ClInclude Include="..\..\public\mxtk\mxmessagebox.h">
      <Filter>Header Files</Filter>
    </ClInclude>
    <ClInclude Include="..\..\public\mxtk\mxpath.h">
      <Filter>Header Files</Filter>
    </ClInclude>
    <ClInclude Include="..\..\public\mxtk\mxpcx.h">
      <Filter>Header Files</Filter>
    </ClInclude>
    <ClInclude Include="..\..\public\mxtk\mxpopupmenu.h">
      <Filter>Header Files</Filter>
    </ClInclude>
    <ClInclude Include="..\..\public\mxtk\mxprogressbar.h">
      <Filter>Header Files</Filter>
    </ClInclude>
    <ClInclude Include="..\..\public\mxtk\mxradiobutton.h">
      <Filter>Header Files</Filter>
    </ClInclude>
    <ClInclude Include="..\..\public\mxtk\mxscrollbar.h">
      <Filter>Header Files</Filter>
    </ClInclude>
    <ClInclude Include="..\..\public\mxtk\mxslider.h">
      <Filter>Header Files</Filter>
    </ClInclude>
    <ClInclude Include="..\..\public\mxtk\mxstring.h">
      <Filter>Header Files</Filter>
    </ClInclude>
    <ClInclude Include="..\..\public\mxtk\mxtab.h">
      <Filter>Header Files</Filter>
    </ClInclude>
    <ClInclude Include="..\..\public\mxtk\mxtga.h">
      <Filter>Header Files</Filter>
    </ClInclude>
    <ClInclude Include="..\..\public\mxtk\mxtogglebutton.h">
      <Filter>Header Files</Filter>
    </ClInclude>
    <ClInclude Include="..\..\public\mxtk\mxtooltip.h">
      <Filter>Header Files</Filter>
    </ClInclude>
    <ClInclude Include="..\..\public\mxtk\mxtreeview.h">
      <Filter>Header Files</Filter>
    </ClInclude>
    <ClInclude Include="..\..\public\mxtk\mxwidget.h">
      <Filter>Header Files</Filter>
    </ClInclude>
    <ClInclude Include="..\..\public\mxtk\mxwindow.h">
      <Filter>Header Files</Filter>
    </ClInclude>
  </ItemGroup>
</Project>