<?xml version="1.0" encoding="utf-8"?>
<Project ToolsVersion="4.0" xmlns="http://schemas.microsoft.com/developer/msbuild/2003">
  <ItemGroup>
    <Filter Include="Source Files">
      <UniqueIdentifier>{d31df326-83d7-4aa4-854c-4678bcadda5a}</UniqueIdentifier>
    </Filter>
    <Filter Include="Header Files">
      <UniqueIdentifier>{3cc8386e-a8b1-48aa-ab02-1b9d58922f7e}</UniqueIdentifier>
    </Filter>
    <Filter Include="Link Libraries">
      <UniqueIdentifier>{473f69f9-7e22-45de-9c7b-78386d2644c7}</UniqueIdentifier>
    </Filter>
  </ItemGroup>
  <ItemGroup>
    <ClCompile Include="colorconversion.cpp">
      <Filter>Source Files</Filter>
    </ClCompile>
    <ClCompile Include="float_bm.cpp">
      <Filter>Source Files</Filter>
    </ClCompile>
    <ClCompile Include="float_bm2.cpp">
      <Filter>Source Files</Filter>
    </ClCompile>
    <ClCompile Include="float_bm3.cpp">
      <Filter>Source Files</Filter>
    </ClCompile>
    <ClCompile Include="float_bm4.cpp">
      <Filter>Source Files</Filter>
    </ClCompile>
    <ClCompile Include="float_bm_bilateral_filter.cpp">
      <Filter>Source Files</Filter>
    </ClCompile>
    <ClCompile Include="float_cube.cpp">
      <Filter>Source Files</Filter>
    </ClCompile>
    <ClCompile Include="ImageByteSwap.cpp">
      <Filter>Source Files</Filter>
    </ClCompile>
    <ClCompile Include="imageformat.cpp">
      <Filter>Source Files</Filter>
    </ClCompile>
    <ClCompile Include="psd.cpp">
      <Filter>Source Files</Filter>
    </ClCompile>
    <ClCompile Include="resample.cpp">
      <Filter>Source Files</Filter>
    </ClCompile>
    <ClCompile Include="tgaloader.cpp">
      <Filter>Source Files</Filter>
    </ClCompile>
    <ClCompile Include="tgawriter.cpp">
      <Filter>Source Files</Filter>
    </ClCompile>
  </ItemGroup>
  <ItemGroup>
    <ClInclude Include="..\public\bitmap\bitmap.h">
      <Filter>Header Files</Filter>
    </ClInclude>
    <ClInclude Include="..\public\bitmap\float_bm.h">
      <Filter>Header Files</Filter>
    </ClInclude>
    <ClInclude Include="..\public\bitmap\imageformat.h">
      <Filter>Header Files</Filter>
    </ClInclude>
    <ClInclude Include="..\public\bitmap\psd.h">
      <Filter>Header Files</Filter>
    </ClInclude>
    <ClInclude Include="..\public\bitmap\tgaloader.h">
      <Filter>Header Files</Filter>
    </ClInclude>
    <ClInclude Include="..\public\bitmap\tgawriter.h">
      <Filter>Header Files</Filter>
    </ClInclude>
  </ItemGroup>
  <ItemGroup>
    <Library Include="..\lib\public\ati_compress_mt_vc8.lib">
      <Filter>Link Libraries</Filter>
    </Library>
    <Library Include="..\lib\public\nvtc.lib">
      <Filter>Link Libraries</Filter>
    </Library>
  </ItemGroup>
</Project>