<?xml version="1.0" encoding="utf-8"?>
<Project ToolsVersion="4.0" xmlns="http://schemas.microsoft.com/developer/msbuild/2003">
  <ItemGroup>
    <Filter Include="Source Files">
      <UniqueIdentifier>{36474efb-e6dd-4cba-a6ec-bb4f79777ce7}</UniqueIdentifier>
    </Filter>
    <Filter Include="Link Libraries">
      <UniqueIdentifier>{aa504c63-e341-48cb-9f72-45ef2324533d}</UniqueIdentifier>
    </Filter>
    <Filter Include="Resources">
      <UniqueIdentifier>{82c7cbac-f1f7-4645-9683-856cedfbe0a2}</UniqueIdentifier>
    </Filter>
    <Filter Include="Precompiled Header">
      <UniqueIdentifier>{dd1604b9-5b5b-48dc-a86c-df49d590302c}</UniqueIdentifier>
    </Filter>
    <Filter Include="Resource Files">
      <UniqueIdentifier>{264d2687-11f6-4c38-b926-5c6c65f17c4e}</UniqueIdentifier>
    </Filter>
    <Filter Include="Public Headers">
      <UniqueIdentifier>{cc842e0b-b577-4786-95b5-7529889c337b}</UniqueIdentifier>
    </Filter>
    <Filter Include="Choreography">
      <UniqueIdentifier>{762e6915-024e-4d67-9797-2dc30beec2f9}</UniqueIdentifier>
    </Filter>
    <Filter Include="Audio">
      <UniqueIdentifier>{6b59d865-6cb6-47c7-b1ec-033ddcd06159}</UniqueIdentifier>
    </Filter>
  </ItemGroup>
  <ItemGroup>
    <ClCompile Include="basedialogparams.cpp">
      <Filter>Source Files</Filter>
    </ClCompile>
    <ClCompile Include="..\common\cmdlib.cpp">
      <Filter>Source Files</Filter>
    </ClCompile>
    <ClCompile Include="drawhelper.cpp">
      <Filter>Source Files</Filter>
    </ClCompile>
    <ClCompile Include="fileloaderthread.cpp">
      <Filter>Source Files</Filter>
    </ClCompile>
    <ClCompile Include="..\..\public\filesystem_helpers.cpp">
      <Filter>Source Files</Filter>
    </ClCompile>
    <ClCompile Include="..\..\public\filesystem_init.cpp">
      <Filter>Source Files</Filter>
    </ClCompile>
    <ClCompile Include="..\common\filesystem_tools.cpp">
      <Filter>Source Files</Filter>
    </ClCompile>
    <ClCompile Include="inputproperties.cpp">
      <Filter>Source Files</Filter>
    </ClCompile>
    <ClCompile Include="..\..\public\interpolatortypes.cpp">
      <Filter>Source Files</Filter>
    </ClCompile>
    <ClCompile Include="..\..\game\shared\interval.cpp">
      <Filter>Source Files</Filter>
    </ClCompile>
    <ClCompile Include="itreeitem.cpp">
      <Filter>Source Files</Filter>
    </ClCompile>
    <ClCompile Include="..\..\tier0\include\memoverride.cpp">
      <Filter>Source Files</Filter>
    </ClCompile>
    <ClCompile Include="multiplerequest.cpp">
      <Filter>Source Files</Filter>
    </ClCompile>
    <ClCompile Include="project.cpp">
      <Filter>Source Files</Filter>
    </ClCompile>
    <ClCompile Include="scene.cpp">
      <Filter>Source Files</Filter>
    </ClCompile>
    <ClCompile Include="scenemanager.cpp">
      <Filter>Source Files</Filter>
    </ClCompile>
    <ClCompile Include="scenemanager_tools.cpp">
      <Filter>Source Files</Filter>
    </ClCompile>
    <ClCompile Include="..\common\scriplib.cpp">
      <Filter>Source Files</Filter>
    </ClCompile>
    <ClCompile Include="soundbrowser.cpp">
      <Filter>Source Files</Filter>
    </ClCompile>
    <ClCompile Include="soundentry.cpp">
      <Filter>Source Files</Filter>
    </ClCompile>
    <ClCompile Include="..\..\public\SoundParametersInternal.cpp">
      <Filter>Source Files</Filter>
    </ClCompile>
    <ClCompile Include="soundproperties.cpp">
      <Filter>Source Files</Filter>
    </ClCompile>
    <ClCompile Include="soundproperties_multiple.cpp">
      <Filter>Source Files</Filter>
    </ClCompile>
    <ClCompile Include="statuswindow.cpp">
      <Filter>Source Files</Filter>
    </ClCompile>
    <ClCompile Include="tabwindow.cpp">
      <Filter>Source Files</Filter>
    </ClCompile>
    <ClCompile Include="vcdfile.cpp">
      <Filter>Source Files</Filter>
    </ClCompile>
    <ClCompile Include="vssproperties.cpp">
      <Filter>Source Files</Filter>
    </ClCompile>
    <ClCompile Include="wavebrowser.cpp">
      <Filter>Source Files</Filter>
    </ClCompile>
    <ClCompile Include="wavefile.cpp">
      <Filter>Source Files</Filter>
    </ClCompile>
    <ClCompile Include="waveproperties.cpp">
      <Filter>Source Files</Filter>
    </ClCompile>
    <ClCompile Include="workspace.cpp">
      <Filter>Source Files</Filter>
    </ClCompile>
    <ClCompile Include="workspacebrowser.cpp">
      <Filter>Source Files</Filter>
    </ClCompile>
    <ClCompile Include="workspacemanager.cpp">
      <Filter>Source Files</Filter>
    </ClCompile>
    <ClCompile Include="cbase.cpp">
      <Filter>Precompiled Header</Filter>
    </ClCompile>
    <ClCompile Include="..\..\public\sentence.cpp">
      <Filter>Audio</Filter>
    </ClCompile>
    <ClCompile Include="snd_audio_source.cpp">
      <Filter>Audio</Filter>
    </ClCompile>
    <ClCompile Include="snd_wave_mixer.cpp">
      <Filter>Audio</Filter>
    </ClCompile>
    <ClCompile Include="snd_wave_mixer_adpcm.cpp">
      <Filter>Audio</Filter>
    </ClCompile>
    <ClCompile Include="snd_wave_source.cpp">
      <Filter>Audio</Filter>
    </ClCompile>
    <ClCompile Include="sound.cpp">
      <Filter>Audio</Filter>
    </ClCompile>
  </ItemGroup>
  <ItemGroup>
    <ClInclude Include="basedialogparams.h">
      <Filter>Source Files</Filter>
    </ClInclude>
    <ClInclude Include="cbase.h">
      <Filter>Source Files</Filter>
    </ClInclude>
    <ClInclude Include="drawhelper.h">
      <Filter>Source Files</Filter>
    </ClInclude>
    <ClInclude Include="ifileloader.h">
      <Filter>Source Files</Filter>
    </ClInclude>
    <ClInclude Include="inputproperties.h">
      <Filter>Source Files</Filter>
    </ClInclude>
    <ClInclude Include="itreeitem.h">
      <Filter>Source Files</Filter>
    </ClInclude>
    <ClInclude Include="multiplerequest.h">
      <Filter>Source Files</Filter>
    </ClInclude>
    <ClInclude Include="project.h">
      <Filter>Source Files</Filter>
    </ClInclude>
    <ClInclude Include="scene.h">
      <Filter>Source Files</Filter>
    </ClInclude>
    <ClInclude Include="scenemanager_tools.h">
      <Filter>Source Files</Filter>
    </ClInclude>
    <ClInclude Include="soundbrowser.h">
      <Filter>Source Files</Filter>
    </ClInclude>
    <ClInclude Include="soundentry.h">
      <Filter>Source Files</Filter>
    </ClInclude>
    <ClInclude Include="soundproperties.h">
      <Filter>Source Files</Filter>
    </ClInclude>
    <ClInclude Include="soundproperties_multiple.h">
      <Filter>Source Files</Filter>
    </ClInclude>
    <ClInclude Include="statuswindow.h">
      <Filter>Source Files</Filter>
    </ClInclude>
    <ClInclude Include="tabwindow.h">
      <Filter>Source Files</Filter>
    </ClInclude>
    <ClInclude Include="vcdfile.h">
      <Filter>Source Files</Filter>
    </ClInclude>
    <ClInclude Include="vssproperties.h">
      <Filter>Source Files</Filter>
    </ClInclude>
    <ClInclude Include="wavebrowser.h">
      <Filter>Source Files</Filter>
    </ClInclude>
    <ClInclude Include="wavefile.h">
      <Filter>Source Files</Filter>
    </ClInclude>
    <ClInclude Include="waveproperties.h">
      <Filter>Source Files</Filter>
    </ClInclude>
    <ClInclude Include="workspace.h">
      <Filter>Source Files</Filter>
    </ClInclude>
    <ClInclude Include="workspacebrowser.h">
      <Filter>Source Files</Filter>
    </ClInclude>
    <ClInclude Include="workspacemanager.h">
      <Filter>Source Files</Filter>
    </ClInclude>
    <ClInclude Include="resource.h">
      <Filter>Resource Files</Filter>
    </ClInclude>
    <ClInclude Include="..\..\public\mathlib\amd3dx.h">
      <Filter>Public Headers</Filter>
    </ClInclude>
    <ClInclude Include="..\..\public\tier0\basetypes.h">
      <Filter>Public Headers</Filter>
    </ClInclude>
    <ClInclude Include="..\..\public\tier1\characterset.h">
      <Filter>Public Headers</Filter>
    </ClInclude>
    <ClInclude Include="..\common\cmdlib.h">
      <Filter>Public Headers</Filter>
    </ClInclude>
    <ClInclude Include="..\..\public\commonmacros.h">
      <Filter>Public Headers</Filter>
    </ClInclude>
    <ClInclude Include="..\..\public\tier1\convar.h">
      <Filter>Public Headers</Filter>
    </ClInclude>
    <ClInclude Include="..\..\public\tier0\dbg.h">
      <Filter>Public Headers</Filter>
    </ClInclude>
    <ClInclude Include="..\..\game\shared\expressionsample.h">
      <Filter>Public Headers</Filter>
    </ClInclude>
    <ClInclude Include="..\..\public\tier0\fasttimer.h">
      <Filter>Public Headers</Filter>
    </ClInclude>
    <ClInclude Include="..\..\public\filesystem.h">
      <Filter>Public Headers</Filter>
    </ClInclude>
    <ClInclude Include="..\..\public\filesystem_helpers.h">
      <Filter>Public Headers</Filter>
    </ClInclude>
    <ClInclude Include="..\common\filesystem_tools.h">
      <Filter>Public Headers</Filter>
    </ClInclude>
    <ClInclude Include="..\..\public\appframework\IAppSystem.h">
      <Filter>Public Headers</Filter>
    </ClInclude>
    <ClInclude Include="..\..\game\shared\ichoreoeventcallback.h">
      <Filter>Public Headers</Filter>
    </ClInclude>
    <ClInclude Include="..\..\public\engine\IEngineSound.h">
      <Filter>Public Headers</Filter>
    </ClInclude>
    <ClInclude Include="..\..\public\tier1\interface.h">
      <Filter>Public Headers</Filter>
    </ClInclude>
    <ClInclude Include="..\..\public\interpolatortypes.h">
      <Filter>Public Headers</Filter>
    </ClInclude>
    <ClInclude Include="..\..\game\shared\interval.h">
      <Filter>Public Headers</Filter>
    </ClInclude>
    <ClInclude Include="..\..\public\irecipientfilter.h">
      <Filter>Public Headers</Filter>
    </ClInclude>
    <ClInclude Include="..\..\game\shared\iscenetokenprocessor.h">
      <Filter>Public Headers</Filter>
    </ClInclude>
    <ClInclude Include="..\..\public\tier1\KeyValues.h">
      <Filter>Public Headers</Filter>
    </ClInclude>
    <ClInclude Include="..\..\public\mathlib\mathlib.h">
      <Filter>Public Headers</Filter>
    </ClInclude>
    <ClInclude Include="..\..\public\tier0\mem.h">
      <Filter>Public Headers</Filter>
    </ClInclude>
    <ClInclude Include="..\..\public\tier0\memdbgoff.h">
      <Filter>Public Headers</Filter>
    </ClInclude>
    <ClInclude Include="..\..\public\tier0\memdbgon.h">
      <Filter>Public Headers</Filter>
    </ClInclude>
    <ClInclude Include="..\..\public\tier1\mempool.h">
      <Filter>Public Headers</Filter>
    </ClInclude>
    <ClInclude Include="..\mxtk\include\mx\mx.h">
      <Filter>Public Headers</Filter>
    </ClInclude>
    <ClInclude Include="..\mxtk\include\mx\mxButton.h">
      <Filter>Public Headers</Filter>
    </ClInclude>
    <ClInclude Include="..\mxtk\include\mx\mxCheckBox.h">
      <Filter>Public Headers</Filter>
    </ClInclude>
    <ClInclude Include="..\mxtk\include\mx\mxChoice.h">
      <Filter>Public Headers</Filter>
    </ClInclude>
    <ClInclude Include="..\mxtk\include\mx\mxChooseColor.h">
      <Filter>Public Headers</Filter>
    </ClInclude>
    <ClInclude Include="..\mxtk\include\mx\mxEvent.h">
      <Filter>Public Headers</Filter>
    </ClInclude>
    <ClInclude Include="..\mxtk\include\mx\mxFileDialog.h">
      <Filter>Public Headers</Filter>
    </ClInclude>
    <ClInclude Include="..\mxtk\include\mx\mxGlWindow.h">
      <Filter>Public Headers</Filter>
    </ClInclude>
    <ClInclude Include="..\mxtk\include\mx\mxGroupBox.h">
      <Filter>Public Headers</Filter>
    </ClInclude>
    <ClInclude Include="..\mxtk\include\mx\mxInit.h">
      <Filter>Public Headers</Filter>
    </ClInclude>
    <ClInclude Include="..\mxtk\include\mx\mxLabel.h">
      <Filter>Public Headers</Filter>
    </ClInclude>
    <ClInclude Include="..\mxtk\include\mx\mxLineEdit.h">
      <Filter>Public Headers</Filter>
    </ClInclude>
    <ClInclude Include="..\mxtk\include\mx\mxLinkedList.h">
      <Filter>Public Headers</Filter>
    </ClInclude>
    <ClInclude Include="..\mxtk\include\mx\mxListBox.h">
      <Filter>Public Headers</Filter>
    </ClInclude>
    <ClInclude Include="..\mxtk\include\mx\mxlistview.h">
      <Filter>Public Headers</Filter>
    </ClInclude>
    <ClInclude Include="..\mxtk\include\mx\mxMenu.h">
      <Filter>Public Headers</Filter>
    </ClInclude>
    <ClInclude Include="..\mxtk\include\mx\mxMenuBar.h">
      <Filter>Public Headers</Filter>
    </ClInclude>
    <ClInclude Include="..\mxtk\include\mx\mxMessageBox.h">
      <Filter>Public Headers</Filter>
    </ClInclude>
    <ClInclude Include="..\mxtk\include\mx\mxpath.h">
      <Filter>Public Headers</Filter>
    </ClInclude>
    <ClInclude Include="..\mxtk\include\mx\mxPopupMenu.h">
      <Filter>Public Headers</Filter>
    </ClInclude>
    <ClInclude Include="..\mxtk\include\mx\mxProgressBar.h">
      <Filter>Public Headers</Filter>
    </ClInclude>
    <ClInclude Include="..\mxtk\include\mx\mxRadioButton.h">
      <Filter>Public Headers</Filter>
    </ClInclude>
    <ClInclude Include="..\mxtk\include\mx\mxScrollbar.h">
      <Filter>Public Headers</Filter>
    </ClInclude>
    <ClInclude Include="..\mxtk\include\mx\mxSlider.h">
      <Filter>Public Headers</Filter>
    </ClInclude>
    <ClInclude Include="..\mxtk\include\mx\mxstring.h">
      <Filter>Public Headers</Filter>
    </ClInclude>
    <ClInclude Include="..\mxtk\include\mx\mxTab.h">
      <Filter>Public Headers</Filter>
    </ClInclude>
    <ClInclude Include="..\mxtk\include\mx\mxToggleButton.h">
      <Filter>Public Headers</Filter>
    </ClInclude>
    <ClInclude Include="..\mxtk\include\mx\mxToolTip.h">
      <Filter>Public Headers</Filter>
    </ClInclude>
    <ClInclude Include="..\mxtk\include\mx\mxTreeView.h">
      <Filter>Public Headers</Filter>
    </ClInclude>
    <ClInclude Include="..\mxtk\include\mx\mxWidget.h">
      <Filter>Public Headers</Filter>
    </ClInclude>
    <ClInclude Include="..\mxtk\include\mx\mxWindow.h">
      <Filter>Public Headers</Filter>
    </ClInclude>
    <ClInclude Include="..\..\public\networkvar.h">
      <Filter>Public Headers</Filter>
    </ClInclude>
    <ClInclude Include="..\..\public\tier0\platform.h">
      <Filter>Public Headers</Filter>
    </ClInclude>
    <ClInclude Include="..\..\public\tier1\processor_detect.h">
      <Filter>Public Headers</Filter>
    </ClInclude>
    <ClInclude Include="..\..\public\protected_things.h">
      <Filter>Public Headers</Filter>
    </ClInclude>
    <ClInclude Include="..\..\public\vstdlib\random.h">
      <Filter>Public Headers</Filter>
    </ClInclude>
    <ClInclude Include="..\common\scriplib.h">
      <Filter>Public Headers</Filter>
    </ClInclude>
    <ClInclude Include="..\..\game\shared\sharedInterface.h">
      <Filter>Public Headers</Filter>
    </ClInclude>
    <ClInclude Include="..\..\public\soundflags.h">
      <Filter>Public Headers</Filter>
    </ClInclude>
    <ClInclude Include="..\..\public\string_t.h">
      <Filter>Public Headers</Filter>
    </ClInclude>
    <ClInclude Include="..\..\public\vstdlib\strtools.h">
      <Filter>Public Headers</Filter>
    </ClInclude>
    <ClInclude Include="..\..\public\tier1\utlbuffer.h">
      <Filter>Public Headers</Filter>
    </ClInclude>
    <ClInclude Include="..\..\public\tier1\utldict.h">
      <Filter>Public Headers</Filter>
    </ClInclude>
    <ClInclude Include="..\..\public\tier1\utllinkedlist.h">
      <Filter>Public Headers</Filter>
    </ClInclude>
    <ClInclude Include="..\..\public\tier1\utlmemory.h">
      <Filter>Public Headers</Filter>
    </ClInclude>
    <ClInclude Include="..\..\public\tier1\utlrbtree.h">
      <Filter>Public Headers</Filter>
    </ClInclude>
    <ClInclude Include="..\..\public\tier1\utlsymbol.h">
      <Filter>Public Headers</Filter>
    </ClInclude>
    <ClInclude Include="..\..\public\tier1\utlvector.h">
      <Filter>Public Headers</Filter>
    </ClInclude>
    <ClInclude Include="..\..\public\mathlib\vector.h">
      <Filter>Public Headers</Filter>
    </ClInclude>
    <ClInclude Include="..\..\public\mathlib\vector2d.h">
      <Filter>Public Headers</Filter>
    </ClInclude>
    <ClInclude Include="..\..\public\vstdlib\vstdlib.h">
      <Filter>Public Headers</Filter>
    </ClInclude>
    <ClInclude Include="..\..\game\shared\choreoactor.h">
      <Filter>Choreography</Filter>
    </ClInclude>
    <ClInclude Include="..\..\game\shared\choreochannel.h">
      <Filter>Choreography</Filter>
    </ClInclude>
    <ClInclude Include="..\..\game\shared\choreoevent.h">
      <Filter>Choreography</Filter>
    </ClInclude>
    <ClInclude Include="..\..\game\shared\choreoscene.h">
      <Filter>Choreography</Filter>
    </ClInclude>
    <ClInclude Include="audiowaveoutput.h">
      <Filter>Audio</Filter>
    </ClInclude>
    <ClInclude Include="iscenemanagersound.h">
      <Filter>Audio</Filter>
    </ClInclude>
    <ClInclude Include="..\..\public\sentence.h">
      <Filter>Audio</Filter>
    </ClInclude>
    <ClInclude Include="snd_audio_source.h">
      <Filter>Audio</Filter>
    </ClInclude>
    <ClInclude Include="snd_wave_mixer.h">
      <Filter>Audio</Filter>
    </ClInclude>
    <ClInclude Include="snd_wave_mixer_adpcm.h">
      <Filter>Audio</Filter>
    </ClInclude>
    <ClInclude Include="snd_wave_mixer_private.h">
      <Filter>Audio</Filter>
    </ClInclude>
    <ClInclude Include="snd_wave_source.h">
      <Filter>Audio</Filter>
    </ClInclude>
    <ClInclude Include="sound.h">
      <Filter>Audio</Filter>
    </ClInclude>
  </ItemGroup>
  <ItemGroup>
    <Library Include="..\..\lib\public\appframework.lib">
      <Filter>Link Libraries</Filter>
    </Library>
    <Library Include="..\..\lib\public\choreoobjects.lib">
      <Filter>Link Libraries</Filter>
    </Library>
    <Library Include="..\..\lib\public\mathlib.lib">
      <Filter>Link Libraries</Filter>
    </Library>
    <Library Include="..\..\lib\common\mxtoolkitwin32.lib">
      <Filter>Link Libraries</Filter>
    </Library>
    <Library Include="..\..\lib\public\tier0.lib">
      <Filter>Link Libraries</Filter>
    </Library>
    <Library Include="..\..\lib\public\tier1.lib">
      <Filter>Link Libraries</Filter>
    </Library>
    <Library Include="..\..\lib\public\tier2.lib">
      <Filter>Link Libraries</Filter>
    </Library>
    <Library Include="..\..\lib\public\tier3.lib">
      <Filter>Link Libraries</Filter>
    </Library>
    <Library Include="..\..\lib\public\vstdlib.lib">
      <Filter>Link Libraries</Filter>
    </Library>
  </ItemGroup>
  <ItemGroup>
    <None Include="scenemanager.vpc">
      <Filter>Resources</Filter>
    </None>
  </ItemGroup>
  <ItemGroup>
    <Image Include="ico00001.ico">
      <Filter>Resource Files</Filter>
    </Image>
    <Image Include="ico00002.ico">
      <Filter>Resource Files</Filter>
    </Image>
    <Image Include="ico00003.ico">
      <Filter>Resource Files</Filter>
    </Image>
    <Image Include="ico00004.ico">
      <Filter>Resource Files</Filter>
    </Image>
    <Image Include="ico00005.ico">
      <Filter>Resource Files</Filter>
    </Image>
    <Image Include="ico00006.ico">
      <Filter>Resource Files</Filter>
    </Image>
    <Image Include="ico00007.ico">
      <Filter>Resource Files</Filter>
    </Image>
    <Image Include="icon1.ico">
      <Filter>Resource Files</Filter>
    </Image>
    <Image Include="project1.ico">
      <Filter>Resource Files</Filter>
    </Image>
    <Image Include="vcd1.ico">
      <Filter>Resource Files</Filter>
    </Image>
    <Image Include="wav1.ico">
      <Filter>Resource Files</Filter>
    </Image>
    <Image Include="workspac.ico">
      <Filter>Resource Files</Filter>
    </Image>
  </ItemGroup>
  <ItemGroup>
    <ResourceCompile Include="scenemanager.rc">
      <Filter>Resource Files</Filter>
    </ResourceCompile>
  </ItemGroup>
</Project>