<?xml version="1.0" encoding="utf-8"?>
<Project ToolsVersion="4.0" xmlns="http://schemas.microsoft.com/developer/msbuild/2003">
  <ItemGroup>
    <Filter Include="Source Files">
      <UniqueIdentifier>{755d3b95-5f0a-4512-9af0-55315bd0610d}</UniqueIdentifier>
    </Filter>
    <Filter Include="Resources">
      <UniqueIdentifier>{246d8aee-809f-47c6-b24e-023cba05eb82}</UniqueIdentifier>
    </Filter>
    <Filter Include="Header Files">
      <UniqueIdentifier>{9984d47b-7ef1-4d9b-a3c8-370bd3a10943}</UniqueIdentifier>
    </Filter>
  </ItemGroup>
  <ItemGroup>
    <ClCompile Include="CMSyntaxHelp.cpp">
      <Filter>Source Files</Filter>
    </ClCompile>
    <ClCompile Include="IsDefault.cpp">
      <Filter>Source Files</Filter>
    </ClCompile>
    <ClCompile Include="Undo.cpp">
      <Filter>Source Files</Filter>
    </ClCompile>
    <ClCompile Include="valveMaya.cpp">
      <Filter>Source Files</Filter>
    </ClCompile>
    <ClCompile Include="valveMayaStreams.cpp">
      <Filter>Source Files</Filter>
    </ClCompile>
    <ClCompile Include="valveMayaVsStuff.cpp">
      <Filter>Source Files</Filter>
    </ClCompile>
    <ClCompile Include="VsMayaDmx.cpp">
      <Filter>Source Files</Filter>
    </ClCompile>
    <ClCompile Include="VsMayaMPxFactory.cpp">
      <Filter>Source Files</Filter>
    </ClCompile>
    <ClCompile Include="VsVguiWindow.cpp">
      <Filter>Source Files</Filter>
    </ClCompile>
    <ClCompile Include="VsVguiWindowFactoryBase.cpp">
      <Filter>Source Files</Filter>
    </ClCompile>
  </ItemGroup>
  <ItemGroup>
    <None Include="valveMaya_Maya8.vpc">
      <Filter>Resources</Filter>
    </None>
  </ItemGroup>
  <ItemGroup>
    <ClInclude Include="..\..\..\public\maya\valveMaya.h">
      <Filter>Header Files</Filter>
    </ClInclude>
    <ClInclude Include="..\..\..\public\maya\VsMayaDmx.h">
      <Filter>Header Files</Filter>
    </ClInclude>
    <ClInclude Include="..\..\..\public\maya\VsMayaMPxFactory.h">
      <Filter>Header Files</Filter>
    </ClInclude>
    <ClInclude Include="..\..\..\public\maya\VsVGuiWindow.h">
      <Filter>Header Files</Filter>
    </ClInclude>
  </ItemGroup>
</Project>