<?xml version="1.0" encoding="utf-8"?>
<Project ToolsVersion="4.0" xmlns="http://schemas.microsoft.com/developer/msbuild/2003">
  <ItemGroup>
    <Filter Include="Source Files">
      <UniqueIdentifier>{1c6ce3ab-436e-490e-9df9-2b7632e6cae6}</UniqueIdentifier>
    </Filter>
    <Filter Include="Link Libraries">
      <UniqueIdentifier>{d3ec3532-c124-41bb-aecd-497f1f37cba9}</UniqueIdentifier>
    </Filter>
    <Filter Include="Link Libraries\Maya">
      <UniqueIdentifier>{4357f175-cfb4-495c-adcf-f5541f7a2838}</UniqueIdentifier>
    </Filter>
    <Filter Include="Resources">
      <UniqueIdentifier>{8336ed55-0578-4bbe-b48f-186206346a3e}</UniqueIdentifier>
    </Filter>
    <Filter Include="Header Files">
      <UniqueIdentifier>{919e8501-f73a-42e8-ac40-e0cd5a2d5786}</UniqueIdentifier>
    </Filter>
    <Filter Include="external">
      <UniqueIdentifier>{ade66ef0-fdbe-4ae6-a1d2-b2b9108945b0}</UniqueIdentifier>
    </Filter>
    <Filter Include="mel">
      <UniqueIdentifier>{c8df7348-5597-4af0-8c2f-abb08583ad4f}</UniqueIdentifier>
    </Filter>
  </ItemGroup>
  <ItemGroup>
    <ClCompile Include="CVsDmxIOCmd.cpp">
      <Filter>Source Files</Filter>
    </ClCompile>
    <ClCompile Include="CVsDmxIOTranslator.cpp">
      <Filter>Source Files</Filter>
    </ClCompile>
    <ClCompile Include="DmeExport.cpp">
      <Filter>Source Files</Filter>
    </ClCompile>
    <ClCompile Include="DmeImport.cpp">
      <Filter>Source Files</Filter>
    </ClCompile>
    <ClCompile Include="..\..\..\tier0\include\memoverride.cc">
      <Filter>Source Files</Filter>
    </ClCompile>
    <ClCompile Include="vsDmxIOInit.cpp">
      <Filter>Source Files</Filter>
    </ClCompile>
    <ClCompile Include="..\..\..\public\interpolatortypes.cpp">
      <Filter>external</Filter>
    </ClCompile>
    <ClCompile Include="..\..\..\public\movieobjects\movieobjects.cpp">
      <Filter>external</Filter>
    </ClCompile>
    <ClCompile Include="..\..\..\public\vgui_controls\vgui_controls.cpp">
      <Filter>external</Filter>
    </ClCompile>
  </ItemGroup>
  <ItemGroup>
    <Library Include="..\..\..\lib\public\datamodel.lib">
      <Filter>Link Libraries</Filter>
    </Library>
    <Library Include="..\..\..\lib\public\dmserializers.lib">
      <Filter>Link Libraries</Filter>
    </Library>
    <Library Include="..\..\..\lib\public\mathlib.lib">
      <Filter>Link Libraries</Filter>
    </Library>
    <Library Include="..\..\..\lib\public\movieobjects.lib">
      <Filter>Link Libraries</Filter>
    </Library>
    <Library Include="..\..\..\lib\public\tier0.lib">
      <Filter>Link Libraries</Filter>
    </Library>
    <Library Include="..\..\..\lib\public\tier1.lib">
      <Filter>Link Libraries</Filter>
    </Library>
    <Library Include="..\..\..\lib\public\tier2.lib">
      <Filter>Link Libraries</Filter>
    </Library>
    <Library Include="..\..\..\lib\public\tier3.lib">
      <Filter>Link Libraries</Filter>
    </Library>
    <Library Include="..\..\..\lib\public\maya\7.0\valveMaya.lib">
      <Filter>Link Libraries</Filter>
    </Library>
    <Library Include="..\..\..\lib\public\vgui_controls.lib">
      <Filter>Link Libraries</Filter>
    </Library>
    <Library Include="..\..\..\lib\public\vstdlib.lib">
      <Filter>Link Libraries</Filter>
    </Library>
    <Library Include="..\..\..\lib\common\maya\7.0\Foundation.lib">
      <Filter>Link Libraries\Maya</Filter>
    </Library>
    <Library Include="..\..\..\lib\common\maya\7.0\OpenMaya.lib">
      <Filter>Link Libraries\Maya</Filter>
    </Library>
    <Library Include="..\..\..\lib\common\maya\7.0\OpenMayaAnim.lib">
      <Filter>Link Libraries\Maya</Filter>
    </Library>
  </ItemGroup>
  <ItemGroup>
    <None Include="vsDmxIO_Maya7.vpc">
      <Filter>Resources</Filter>
    </None>
    <None Include="..\..\..\..\game\sdktools\maya\7.0\modules\valvesource\scripts\vsDmxIOTranslatorOptions.mel">
      <Filter>mel</Filter>
    </None>
  </ItemGroup>
  <ItemGroup>
    <ClInclude Include="DmeExport.h">
      <Filter>Header Files</Filter>
    </ClInclude>
    <ClInclude Include="DmeImport.h">
      <Filter>Header Files</Filter>
    </ClInclude>
    <ClInclude Include="..\..\..\public\interpolatortypes.h">
      <Filter>external</Filter>
    </ClInclude>
  </ItemGroup>
</Project>