<?xml version="1.0" encoding="utf-8"?>
<Project ToolsVersion="4.0" xmlns="http://schemas.microsoft.com/developer/msbuild/2003">
  <ItemGroup>
    <Filter Include="Source Files">
      <UniqueIdentifier>{3654cce9-1421-44f2-80d7-7033df471644}</UniqueIdentifier>
    </Filter>
    <Filter Include="Public Header Files">
      <UniqueIdentifier>{beb98aad-8732-4047-a1b0-92bd2fb586bc}</UniqueIdentifier>
    </Filter>
    <Filter Include="Header Files">
      <UniqueIdentifier>{b4ad8317-e629-4960-ba0b-df5ee17f6b84}</UniqueIdentifier>
    </Filter>
    <Filter Include="Shader Source">
      <UniqueIdentifier>{ee62a8a2-a565-4207-b370-70c114d20f1b}</UniqueIdentifier>
    </Filter>
  </ItemGroup>
  <ItemGroup>
    <ClCompile Include="ccolorcorrection.cpp">
      <Filter>Source Files</Filter>
    </ClCompile>
    <ClCompile Include="cmaterial.cpp">
      <Filter>Source Files</Filter>
    </ClCompile>
    <ClCompile Include="cmaterial_queuefriendly.cpp">
      <Filter>Source Files</Filter>
    </ClCompile>
    <ClCompile Include="cmaterialdict.cpp">
      <Filter>Source Files</Filter>
    </ClCompile>
    <ClCompile Include="CMaterialSubRect.cpp">
      <Filter>Source Files</Filter>
    </ClCompile>
    <ClCompile Include="cmaterialsystem.cpp">
      <Filter>Source Files</Filter>
    </ClCompile>
    <ClCompile Include="cmaterialvar.cpp">
      <Filter>Source Files</Filter>
    </ClCompile>
    <ClCompile Include="cmatlightmaps.cpp">
      <Filter>Source Files</Filter>
    </ClCompile>
    <ClCompile Include="cmatnullrendercontext.cpp">
      <Filter>Source Files</Filter>
    </ClCompile>
    <ClCompile Include="cmatqueuedrendercontext.cpp">
      <Filter>Source Files</Filter>
    </ClCompile>
    <ClCompile Include="cmatrendercontext.cpp">
      <Filter>Source Files</Filter>
    </ClCompile>
    <ClCompile Include="colorspace.cpp">
      <Filter>Source Files</Filter>
    </ClCompile>
    <ClCompile Include="ctexture.cpp">
      <Filter>Source Files</Filter>
    </ClCompile>
    <ClCompile Include="..\public\filesystem_helpers.cpp">
      <Filter>Source Files</Filter>
    </ClCompile>
    <ClCompile Include="imagepacker.cpp">
      <Filter>Source Files</Filter>
    </ClCompile>
    <ClCompile Include="mat_stub.cpp">
      <Filter>Source Files</Filter>
    </ClCompile>
    <ClCompile Include="materialsystem_global.cpp">
      <Filter>Source Files</Filter>
    </ClCompile>
    <ClCompile Include="..\tier0\include\memoverride.cc">
      <Filter>Source Files</Filter>
    </ClCompile>
    <ClCompile Include="morph.cpp">
      <Filter>Source Files</Filter>
    </ClCompile>
    <ClCompile Include="occlusionquerymgr.cpp">
      <Filter>Source Files</Filter>
    </ClCompile>
    <ClCompile Include="pch_materialsystem.cpp">
      <Filter>Source Files</Filter>
    </ClCompile>
    <ClCompile Include="shadersystem.cpp">
      <Filter>Source Files</Filter>
    </ClCompile>
    <ClCompile Include="texturemanager.cpp">
      <Filter>Source Files</Filter>
    </ClCompile>
    <ClCompile Include="wireframe.cpp">
      <Filter>Shader Source</Filter>
    </ClCompile>
  </ItemGroup>
  <ItemGroup>
    <ClInclude Include="..\deps\amd3dx\include\amd3dx.h">
      <Filter>Public Header Files</Filter>
    </ClInclude>
    <ClInclude Include="..\public\tier0\basetypes.h">
      <Filter>Public Header Files</Filter>
    </ClInclude>
    <ClInclude Include="..\public\mathlib\bumpvects.h">
      <Filter>Public Header Files</Filter>
    </ClInclude>
    <ClInclude Include="..\public\const.h">
      <Filter>Public Header Files</Filter>
    </ClInclude>
    <ClInclude Include="..\public\tier1\convar.h">
      <Filter>Public Header Files</Filter>
    </ClInclude>
    <ClInclude Include="..\public\crtmemdebug.h">
      <Filter>Public Header Files</Filter>
    </ClInclude>
    <ClInclude Include="..\common\cstringhash.h">
      <Filter>Public Header Files</Filter>
    </ClInclude>
    <ClInclude Include="..\public\filesystem.h">
      <Filter>Public Header Files</Filter>
    </ClInclude>
    <ClInclude Include="..\public\appframework\IAppSystem.h">
      <Filter>Public Header Files</Filter>
    </ClInclude>
    <ClInclude Include="..\public\materialsystem\IColorCorrection.h">
      <Filter>Public Header Files</Filter>
    </ClInclude>
    <ClInclude Include="..\public\materialsystem\imaterial.h">
      <Filter>Public Header Files</Filter>
    </ClInclude>
    <ClInclude Include="..\public\materialsystem\imaterialproxy.h">
      <Filter>Public Header Files</Filter>
    </ClInclude>
    <ClInclude Include="..\public\materialsystem\imaterialproxyfactory.h">
      <Filter>Public Header Files</Filter>
    </ClInclude>
    <ClInclude Include="..\public\materialsystem\imaterialsystem.h">
      <Filter>Public Header Files</Filter>
    </ClInclude>
    <ClInclude Include="..\public\materialsystem\imaterialsystemhardwareconfig.h">
      <Filter>Public Header Files</Filter>
    </ClInclude>
    <ClInclude Include="..\public\materialsystem\imaterialsystemstub.h">
      <Filter>Public Header Files</Filter>
    </ClInclude>
    <ClInclude Include="..\public\materialsystem\imaterialvar.h">
      <Filter>Public Header Files</Filter>
    </ClInclude>
    <ClInclude Include="..\public\materialsystem\imesh.h">
      <Filter>Public Header Files</Filter>
    </ClInclude>
    <ClInclude Include="..\public\materialsystem\imorph.h">
      <Filter>Public Header Files</Filter>
    </ClInclude>
    <ClInclude Include="..\public\tier1\interface.h">
      <Filter>Public Header Files</Filter>
    </ClInclude>
    <ClInclude Include="..\public\materialsystem\IShader.h">
      <Filter>Public Header Files</Filter>
    </ClInclude>
    <ClInclude Include="..\public\materialsystem\ishaderapi.h">
      <Filter>Public Header Files</Filter>
    </ClInclude>
    <ClInclude Include="..\public\materialsystem\itexture.h">
      <Filter>Public Header Files</Filter>
    </ClInclude>
    <ClInclude Include="..\public\tier1\KeyValues.h">
      <Filter>Public Header Files</Filter>
    </ClInclude>
    <ClInclude Include="..\public\materialsystem\materialsystem_config.h">
      <Filter>Public Header Files</Filter>
    </ClInclude>
    <ClInclude Include="..\public\mathlib\mathlib.h">
      <Filter>Public Header Files</Filter>
    </ClInclude>
    <ClInclude Include="..\public\tier1\mempool.h">
      <Filter>Public Header Files</Filter>
    </ClInclude>
    <ClInclude Include="..\public\pixelwriter.h">
      <Filter>Public Header Files</Filter>
    </ClInclude>
    <ClInclude Include="..\public\renderparm.h">
      <Filter>Public Header Files</Filter>
    </ClInclude>
    <ClInclude Include="..\public\s3_intrf.h">
      <Filter>Public Header Files</Filter>
    </ClInclude>
    <ClInclude Include="..\public\vstdlib\strtools.h">
      <Filter>Public Header Files</Filter>
    </ClInclude>
    <ClInclude Include="..\public\tier1\utlbuffer.h">
      <Filter>Public Header Files</Filter>
    </ClInclude>
    <ClInclude Include="..\public\tier1\utlmemory.h">
      <Filter>Public Header Files</Filter>
    </ClInclude>
    <ClInclude Include="..\public\tier1\utlrbtree.h">
      <Filter>Public Header Files</Filter>
    </ClInclude>
    <ClInclude Include="..\public\tier1\utlsymbol.h">
      <Filter>Public Header Files</Filter>
    </ClInclude>
    <ClInclude Include="..\public\tier1\utlvector.h">
      <Filter>Public Header Files</Filter>
    </ClInclude>
    <ClInclude Include="..\public\mathlib\vector.h">
      <Filter>Public Header Files</Filter>
    </ClInclude>
    <ClInclude Include="..\public\mathlib\vector2d.h">
      <Filter>Public Header Files</Filter>
    </ClInclude>
    <ClInclude Include="..\public\mathlib\vector4d.h">
      <Filter>Public Header Files</Filter>
    </ClInclude>
    <ClInclude Include="..\public\mathlib\vmatrix.h">
      <Filter>Public Header Files</Filter>
    </ClInclude>
    <ClInclude Include="..\public\mathlib\vplane.h">
      <Filter>Public Header Files</Filter>
    </ClInclude>
    <ClInclude Include="..\public\vstdlib\vstdlib.h">
      <Filter>Public Header Files</Filter>
    </ClInclude>
    <ClInclude Include="..\public\vtf\vtf.h">
      <Filter>Public Header Files</Filter>
    </ClInclude>
    <ClInclude Include="cmaterial_queuefriendly.h">
      <Filter>Header Files</Filter>
    </ClInclude>
    <ClInclude Include="cmaterialdict.h">
      <Filter>Header Files</Filter>
    </ClInclude>
    <ClInclude Include="cmaterialsystem.h">
      <Filter>Header Files</Filter>
    </ClInclude>
    <ClInclude Include="cmatlightmaps.h">
      <Filter>Header Files</Filter>
    </ClInclude>
    <ClInclude Include="cmatnullrendercontext.h">
      <Filter>Header Files</Filter>
    </ClInclude>
    <ClInclude Include="cmatqueuedrendercontext.h">
      <Filter>Header Files</Filter>
    </ClInclude>
    <ClInclude Include="cmatrendercontext.h">
      <Filter>Header Files</Filter>
    </ClInclude>
    <ClInclude Include="colorspace.h">
      <Filter>Header Files</Filter>
    </ClInclude>
    <ClInclude Include="IHardwareConfigInternal.h">
      <Filter>Header Files</Filter>
    </ClInclude>
    <ClInclude Include="imagepacker.h">
      <Filter>Header Files</Filter>
    </ClInclude>
    <ClInclude Include="imaterialinternal.h">
      <Filter>Header Files</Filter>
    </ClInclude>
    <ClInclude Include="imaterialsysteminternal.h">
      <Filter>Header Files</Filter>
    </ClInclude>
    <ClInclude Include="imatrendercontextinternal.h">
      <Filter>Header Files</Filter>
    </ClInclude>
    <ClInclude Include="imorphinternal.h">
      <Filter>Header Files</Filter>
    </ClInclude>
    <ClInclude Include="IShaderSystem.h">
      <Filter>Header Files</Filter>
    </ClInclude>
    <ClInclude Include="IShaderUtil.h">
      <Filter>Header Files</Filter>
    </ClInclude>
    <ClInclude Include="itextureinternal.h">
      <Filter>Header Files</Filter>
    </ClInclude>
    <ClInclude Include="materialsystem_global.h">
      <Filter>Header Files</Filter>
    </ClInclude>
    <ClInclude Include="occlusionquerymgr.h">
      <Filter>Header Files</Filter>
    </ClInclude>
    <ClInclude Include="shader_dll_verify.h">
      <Filter>Header Files</Filter>
    </ClInclude>
    <ClInclude Include="shadersystem.h">
      <Filter>Header Files</Filter>
    </ClInclude>
    <ClInclude Include="texturemanager.h">
      <Filter>Header Files</Filter>
    </ClInclude>
  </ItemGroup>
</Project>