<?xml version="1.0" encoding="utf-8"?>
<Project ToolsVersion="4.0" xmlns="http://schemas.microsoft.com/developer/msbuild/2003">
  <ItemGroup>
    <Filter Include="Source Files">
      <UniqueIdentifier>{e5b4c818-f413-4a58-80a4-7b49757754b8}</UniqueIdentifier>
    </Filter>
    <Filter Include="Link Libraries">
      <UniqueIdentifier>{98f98285-ae1a-4ddc-b966-0d9e5289d601}</UniqueIdentifier>
    </Filter>
    <Filter Include="Resources">
      <UniqueIdentifier>{3d3a3b69-4d4a-4393-b591-e64b15ea6c1a}</UniqueIdentifier>
    </Filter>
    <Filter Include="Header Files">
      <UniqueIdentifier>{ba14a407-4051-4795-9bab-300d89e25d0d}</UniqueIdentifier>
    </Filter>
    <Filter Include="Shared Code">
      <UniqueIdentifier>{5a14475d-1cc9-4104-9118-5fbc398c9126}</UniqueIdentifier>
    </Filter>
  </ItemGroup>
  <ItemGroup>
    <ClCompile Include="captioncompiler.cpp">
      <Filter>Source Files</Filter>
    </ClCompile>
    <ClCompile Include="..\..\common\compiledcaptionswap.cpp">
      <Filter>Source Files</Filter>
    </ClCompile>
    <ClCompile Include="..\common\filesystem_tools.cpp">
      <Filter>Source Files</Filter>
    </ClCompile>
    <ClCompile Include="..\..\public\tier0\memoverride.cpp">
      <Filter>Source Files</Filter>
    </ClCompile>
    <ClCompile Include="..\common\cmdlib.cpp">
      <Filter>Shared Code</Filter>
    </ClCompile>
    <ClCompile Include="..\..\public\filesystem_helpers.cpp">
      <Filter>Shared Code</Filter>
    </ClCompile>
    <ClCompile Include="..\..\public\filesystem_init.cpp">
      <Filter>Shared Code</Filter>
    </ClCompile>
    <ClCompile Include="..\common\pacifier.cpp">
      <Filter>Shared Code</Filter>
    </ClCompile>
    <ClCompile Include="..\common\scriplib.cpp">
      <Filter>Shared Code</Filter>
    </ClCompile>
    <ClCompile Include="..\..\public\stringregistry.cpp">
      <Filter>Shared Code</Filter>
    </ClCompile>
  </ItemGroup>
  <ItemGroup>
    <Library Include="..\..\lib\public\appframework.lib">
      <Filter>Link Libraries</Filter>
    </Library>
    <Library Include="..\..\lib\public\mathlib.lib">
      <Filter>Link Libraries</Filter>
    </Library>
    <Library Include="..\..\lib\public\tier0.lib">
      <Filter>Link Libraries</Filter>
    </Library>
    <Library Include="..\..\lib\public\tier1.lib">
      <Filter>Link Libraries</Filter>
    </Library>
    <Library Include="..\..\lib\public\tier2.lib">
      <Filter>Link Libraries</Filter>
    </Library>
    <Library Include="..\..\lib\public\tier3.lib">
      <Filter>Link Libraries</Filter>
    </Library>
    <Library Include="..\..\lib\public\vstdlib.lib">
      <Filter>Link Libraries</Filter>
    </Library>
  </ItemGroup>
  <ItemGroup>
    <None Include="captioncompiler.vpc">
      <Filter>Resources</Filter>
    </None>
  </ItemGroup>
  <ItemGroup>
    <ClInclude Include="cbase.h">
      <Filter>Header Files</Filter>
    </ClInclude>
    <ClInclude Include="..\common\filesystem_tools.h">
      <Filter>Header Files</Filter>
    </ClInclude>
    <ClInclude Include="..\common\cmdlib.h">
      <Filter>Shared Code</Filter>
    </ClInclude>
    <ClInclude Include="..\..\public\filesystem_helpers.h">
      <Filter>Shared Code</Filter>
    </ClInclude>
    <ClInclude Include="..\..\public\filesystem_init.h">
      <Filter>Shared Code</Filter>
    </ClInclude>
    <ClInclude Include="..\..\public\mathlib\mathlib.h">
      <Filter>Shared Code</Filter>
    </ClInclude>
    <ClInclude Include="..\common\pacifier.h">
      <Filter>Shared Code</Filter>
    </ClInclude>
    <ClInclude Include="..\common\scriplib.h">
      <Filter>Shared Code</Filter>
    </ClInclude>
    <ClInclude Include="..\..\public\stringregistry.h">
      <Filter>Shared Code</Filter>
    </ClInclude>
  </ItemGroup>
</Project>