<?xml version="1.0" encoding="utf-8"?>
<Project ToolsVersion="4.0" xmlns="http://schemas.microsoft.com/developer/msbuild/2003">
  <ItemGroup>
    <Filter Include="Source Files">
      <UniqueIdentifier>{08367f1b-55fc-4147-9de3-9dbaf28eec31}</UniqueIdentifier>
    </Filter>
    <Filter Include="Public Headers">
      <UniqueIdentifier>{a8248ce8-11b0-47d3-9911-2f7e9c854f82}</UniqueIdentifier>
    </Filter>
    <Filter Include="Header Files">
      <UniqueIdentifier>{1fea7b8c-687e-4f80-93d0-c4096611af0d}</UniqueIdentifier>
    </Filter>
    <Filter Include="Include">
      <UniqueIdentifier>{8e4c90e3-838e-4ce5-a192-3cc4d98d4d82}</UniqueIdentifier>
    </Filter>
  </ItemGroup>
  <ItemGroup>
    <ClCompile Include="inputsystem.cc">
      <Filter>Source Files</Filter>
    </ClCompile>
    <ClCompile Include="joystick.cc">
      <Filter>Source Files</Filter>
    </ClCompile>
    <ClCompile Include="key_translation.cc">
      <Filter>Source Files</Filter>
    </ClCompile>
    <ClCompile Include="..\tier0\include\memoverride.cpp">
      <Filter>Source Files</Filter>
    </ClCompile>
    <ClCompile Include="xcontroller.cc">
      <Filter>Source Files</Filter>
    </ClCompile>
  </ItemGroup>
  <ItemGroup>
    <ClInclude Include="..\public\inputsystem\AnalogCode.h">
      <Filter>Public Headers</Filter>
    </ClInclude>
    <ClInclude Include="..\public\inputsystem\ButtonCode.h">
      <Filter>Public Headers</Filter>
    </ClInclude>
    <ClInclude Include="..\public\inputsystem\iinputsystem.h">
      <Filter>Public Headers</Filter>
    </ClInclude>
    <ClInclude Include="..\public\inputsystem\InputEnums.h">
      <Filter>Public Headers</Filter>
    </ClInclude>
    <ClInclude Include="key_translation.h">
      <Filter>Header Files</Filter>
    </ClInclude>
    <ClInclude Include="inputsystem.h">
      <Filter>Header Files</Filter>
    </ClInclude>
    <ClInclude Include="include\AnalogCode.h">
      <Filter>Include</Filter>
    </ClInclude>
    <ClInclude Include="include\ButtonCode.h">
      <Filter>Include</Filter>
    </ClInclude>
    <ClInclude Include="include\iinputsystem.h">
      <Filter>Include</Filter>
    </ClInclude>
    <ClInclude Include="include\InputEnums.h">
      <Filter>Include</Filter>
    </ClInclude>
  </ItemGroup>
</Project>