<?xml version="1.0" encoding="utf-8"?>
<Project ToolsVersion="4.0" xmlns="http://schemas.microsoft.com/developer/msbuild/2003">
  <ItemGroup>
    <Filter Include="Source Files">
      <UniqueIdentifier>{632eb2ff-b25c-4a5d-a683-971db09c5816}</UniqueIdentifier>
    </Filter>
    <Filter Include="Link Libraries">
      <UniqueIdentifier>{987c4741-fc3b-4bbf-beb0-f0140954d332}</UniqueIdentifier>
    </Filter>
    <Filter Include="Resources">
      <UniqueIdentifier>{6ed31878-a40e-4064-9dff-0e418846b592}</UniqueIdentifier>
    </Filter>
    <Filter Include="Header Files">
      <UniqueIdentifier>{e3c5b1c2-b21f-4e3d-b260-a9918ed87566}</UniqueIdentifier>
    </Filter>
  </ItemGroup>
  <ItemGroup>
    <ClCompile Include="dx_proxy.cpp">
      <Filter>Source Files</Filter>
    </ClCompile>
    <ClCompile Include="filememcache.cpp">
      <Filter>Source Files</Filter>
    </ClCompile>
  </ItemGroup>
  <ItemGroup>
    <None Include="dx_proxy_dx9_v00_x360.vpc">
      <Filter>Resources</Filter>
    </None>
  </ItemGroup>
  <ItemGroup>
    <ClInclude Include="..\..\common\dx_proxy\dx_proxy.h">
      <Filter>Header Files</Filter>
    </ClInclude>
    <ClInclude Include="dxincludeimpl.h">
      <Filter>Header Files</Filter>
    </ClInclude>
    <ClInclude Include="filememcache.h">
      <Filter>Header Files</Filter>
    </ClInclude>
  </ItemGroup>
</Project>