<?xml version="1.0" encoding="utf-8"?>
<Project ToolsVersion="4.0" xmlns="http://schemas.microsoft.com/developer/msbuild/2003">
  <ItemGroup>
    <Filter Include="Source Files">
      <UniqueIdentifier>{f4069250-5cba-4ec3-aed5-91557d1c7d33}</UniqueIdentifier>
    </Filter>
    <Filter Include="Header Files">
      <UniqueIdentifier>{3a5c8a86-b72c-4841-960a-7930ca37da90}</UniqueIdentifier>
    </Filter>
    <Filter Include="Interface">
      <UniqueIdentifier>{30d7bb78-fa20-4af3-a78c-8dce853e07ad}</UniqueIdentifier>
    </Filter>
  </ItemGroup>
  <ItemGroup>
    <ClCompile Include="dmxattribute.cpp">
      <Filter>Source Files</Filter>
    </ClCompile>
    <ClCompile Include="dmxelement.cpp">
      <Filter>Source Files</Filter>
    </ClCompile>
    <ClCompile Include="dmxloader.cpp">
      <Filter>Source Files</Filter>
    </ClCompile>
    <ClCompile Include="dmxloadertext.cpp">
      <Filter>Source Files</Filter>
    </ClCompile>
    <ClCompile Include="dmxserializationdictionary.cpp">
      <Filter>Source Files</Filter>
    </ClCompile>
  </ItemGroup>
  <ItemGroup>
    <ClInclude Include="dmxserializationdictionary.h">
      <Filter>Header Files</Filter>
    </ClInclude>
    <ClInclude Include="..\public\dmxloader\dmxattribute.h">
      <Filter>Interface</Filter>
    </ClInclude>
    <ClInclude Include="..\public\dmxloader\dmxelement.h">
      <Filter>Interface</Filter>
    </ClInclude>
    <ClInclude Include="..\public\dmxloader\dmxloader.h">
      <Filter>Interface</Filter>
    </ClInclude>
  </ItemGroup>
</Project>