<?xml version="1.0" encoding="utf-8"?>
<Project ToolsVersion="4.0" xmlns="http://schemas.microsoft.com/developer/msbuild/2003">
  <ItemGroup>
    <Filter Include="Source Files">
      <UniqueIdentifier>{96d72184-63bd-41a7-b48d-4d4ff70ad3a1}</UniqueIdentifier>
    </Filter>
    <Filter Include="Source Files\Animation Set Editor">
      <UniqueIdentifier>{3d55187f-614d-426e-ae41-042d7f6008c2}</UniqueIdentifier>
    </Filter>
    <Filter Include="Header Files">
      <UniqueIdentifier>{b849259b-b3c3-4e48-83cb-6e49d259a71b}</UniqueIdentifier>
    </Filter>
  </ItemGroup>
  <ItemGroup>
    <ClCompile Include="AssetBuilder.cpp">
      <Filter>Source Files</Filter>
    </ClCompile>
    <ClCompile Include="attributeassetpickerpanel.cpp">
      <Filter>Source Files</Filter>
    </ClCompile>
    <ClCompile Include="AttributeBasePickerPanel.cpp">
      <Filter>Source Files</Filter>
    </ClCompile>
    <ClCompile Include="AttributeBoolChoicePanel.cpp">
      <Filter>Source Files</Filter>
    </ClCompile>
    <ClCompile Include="AttributeColorPickerPanel.cpp">
      <Filter>Source Files</Filter>
    </ClCompile>
    <ClCompile Include="attributedetailtypepickerpanel.cpp">
      <Filter>Source Files</Filter>
    </ClCompile>
    <ClCompile Include="AttributeElementPanel.cpp">
      <Filter>Source Files</Filter>
    </ClCompile>
    <ClCompile Include="AttributeElementPickerPanel.cpp">
      <Filter>Source Files</Filter>
    </ClCompile>
    <ClCompile Include="AttributeFilePickerPanel.cpp">
      <Filter>Source Files</Filter>
    </ClCompile>
    <ClCompile Include="AttributeIntChoicePanel.cpp">
      <Filter>Source Files</Filter>
    </ClCompile>
    <ClCompile Include="AttributeInterpolatorChoicePanel.cpp">
      <Filter>Source Files</Filter>
    </ClCompile>
    <ClCompile Include="AttributeMDLPickerPanel.cpp">
      <Filter>Source Files</Filter>
    </ClCompile>
    <ClCompile Include="AttributeSequencePickerPanel.cpp">
      <Filter>Source Files</Filter>
    </ClCompile>
    <ClCompile Include="attributeshaderpickerpanel.cpp">
      <Filter>Source Files</Filter>
    </ClCompile>
    <ClCompile Include="attributeslider.cpp">
      <Filter>Source Files</Filter>
    </ClCompile>
    <ClCompile Include="AttributeSoundPickerPanel.cpp">
      <Filter>Source Files</Filter>
    </ClCompile>
    <ClCompile Include="AttributeStringChoicePanel.cpp">
      <Filter>Source Files</Filter>
    </ClCompile>
    <ClCompile Include="attributesurfacepropertypickerpanel.cpp">
      <Filter>Source Files</Filter>
    </ClCompile>
    <ClCompile Include="AttributeTextEntry.cpp">
      <Filter>Source Files</Filter>
    </ClCompile>
    <ClCompile Include="AttributeTextPanel.cpp">
      <Filter>Source Files</Filter>
    </ClCompile>
    <ClCompile Include="AttributeWidgetFactory.cpp">
      <Filter>Source Files</Filter>
    </ClCompile>
    <ClCompile Include="BaseAttributeChoicePanel.cpp">
      <Filter>Source Files</Filter>
    </ClCompile>
    <ClCompile Include="BaseAttributeDoubleChoicePanel.cpp">
      <Filter>Source Files</Filter>
    </ClCompile>
    <ClCompile Include="BaseAttributePanel.cpp">
      <Filter>Source Files</Filter>
    </ClCompile>
    <ClCompile Include="ChannelGraphPanel.cpp">
      <Filter>Source Files</Filter>
    </ClCompile>
    <ClCompile Include="dmecombinationsystemeditorpanel.cpp">
      <Filter>Source Files</Filter>
    </ClCompile>
    <ClCompile Include="dmecontrols.cpp">
      <Filter>Source Files</Filter>
    </ClCompile>
    <ClCompile Include="dmedageditpanel.cpp">
      <Filter>Source Files</Filter>
    </ClCompile>
    <ClCompile Include="dmedagrenderpanel.cpp">
      <Filter>Source Files</Filter>
    </ClCompile>
    <ClCompile Include="dmelogeditpanel.cpp">
      <Filter>Source Files</Filter>
    </ClCompile>
    <ClCompile Include="dmepanel.cpp">
      <Filter>Source Files</Filter>
    </ClCompile>
    <ClCompile Include="dmepicker.cpp">
      <Filter>Source Files</Filter>
    </ClCompile>
    <ClCompile Include="dmepresetgroupeditorpanel.cpp">
      <Filter>Source Files</Filter>
    </ClCompile>
    <ClCompile Include="DmeSourceDCCFilePanel.cpp">
      <Filter>Source Files</Filter>
    </ClCompile>
    <ClCompile Include="DmeSourceSkinPanel.cpp">
      <Filter>Source Files</Filter>
    </ClCompile>
    <ClCompile Include="ElementPropertiesTree.cpp">
      <Filter>Source Files</Filter>
    </ClCompile>
    <ClCompile Include="FileListManager.cpp">
      <Filter>Source Files</Filter>
    </ClCompile>
    <ClCompile Include="filtercombobox.cpp">
      <Filter>Source Files</Filter>
    </ClCompile>
    <ClCompile Include="manipulator.cpp">
      <Filter>Source Files</Filter>
    </ClCompile>
    <ClCompile Include="mdlpanel.cpp">
      <Filter>Source Files</Filter>
    </ClCompile>
    <ClCompile Include="mdlpicker.cpp">
      <Filter>Source Files</Filter>
    </ClCompile>
    <ClCompile Include="mdlsequencepicker.cpp">
      <Filter>Source Files</Filter>
    </ClCompile>
    <ClCompile Include="particlesystempanel.cpp">
      <Filter>Source Files</Filter>
    </ClCompile>
    <ClCompile Include="particlesystempropertiespanel.cpp">
      <Filter>Source Files</Filter>
    </ClCompile>
    <ClCompile Include="sequencepicker.cpp">
      <Filter>Source Files</Filter>
    </ClCompile>
    <ClCompile Include="simplepotterywheelpanel.cpp">
      <Filter>Source Files</Filter>
    </ClCompile>
    <ClCompile Include="soundpicker.cpp">
      <Filter>Source Files</Filter>
    </ClCompile>
    <ClCompile Include="soundrecordpanel.cpp">
      <Filter>Source Files</Filter>
    </ClCompile>
    <ClCompile Include="vmtpanel.cpp">
      <Filter>Source Files</Filter>
    </ClCompile>
    <ClCompile Include="BaseAnimationSetEditor.cpp">
      <Filter>Source Files\Animation Set Editor</Filter>
    </ClCompile>
    <ClCompile Include="BaseAnimSetAttributeSliderPanel.cpp">
      <Filter>Source Files\Animation Set Editor</Filter>
    </ClCompile>
    <ClCompile Include="BaseAnimSetControlGroupPanel.cpp">
      <Filter>Source Files\Animation Set Editor</Filter>
    </ClCompile>
    <ClCompile Include="BaseAnimSetPresetFaderPanel.cpp">
      <Filter>Source Files\Animation Set Editor</Filter>
    </ClCompile>
    <ClCompile Include="..\..\public\phonemeconverter.cpp">
      <Filter>Source Files\Animation Set Editor</Filter>
    </ClCompile>
    <ClCompile Include="presetpicker.cpp">
      <Filter>Source Files\Animation Set Editor</Filter>
    </ClCompile>
  </ItemGroup>
  <ItemGroup>
    <ClInclude Include="..\..\public\dme_controls\AnimSetAttributeValue.h">
      <Filter>Source Files\Animation Set Editor</Filter>
    </ClInclude>
    <ClInclude Include="..\..\public\dme_controls\BaseAnimationSetEditor.h">
      <Filter>Source Files\Animation Set Editor</Filter>
    </ClInclude>
    <ClInclude Include="..\..\public\dme_controls\BaseAnimSetAttributeSliderPanel.h">
      <Filter>Source Files\Animation Set Editor</Filter>
    </ClInclude>
    <ClInclude Include="..\..\public\dme_controls\BaseAnimSetControlGroupPanel.h">
      <Filter>Source Files\Animation Set Editor</Filter>
    </ClInclude>
    <ClInclude Include="..\..\public\dme_controls\BaseAnimSetPresetFaderPanel.h">
      <Filter>Source Files\Animation Set Editor</Filter>
    </ClInclude>
    <ClInclude Include="..\..\public\dme_controls\LogPreview.h">
      <Filter>Source Files\Animation Set Editor</Filter>
    </ClInclude>
    <ClInclude Include="..\..\public\dme_controls\presetpicker.h">
      <Filter>Source Files\Animation Set Editor</Filter>
    </ClInclude>
    <ClInclude Include="..\..\public\dme_controls\RecordingState.h">
      <Filter>Source Files\Animation Set Editor</Filter>
    </ClInclude>
    <ClInclude Include="..\..\public\dme_controls\AssetBuilder.h">
      <Filter>Header Files</Filter>
    </ClInclude>
    <ClInclude Include="..\..\public\dme_controls\attributeassetpickerpanel.h">
      <Filter>Header Files</Filter>
    </ClInclude>
    <ClInclude Include="..\..\public\dme_controls\AttributeBasePickerPanel.h">
      <Filter>Header Files</Filter>
    </ClInclude>
    <ClInclude Include="..\..\public\dme_controls\AttributeBoolChoicePanel.h">
      <Filter>Header Files</Filter>
    </ClInclude>
    <ClInclude Include="..\..\public\dme_controls\AttributeColorPickerPanel.h">
      <Filter>Header Files</Filter>
    </ClInclude>
    <ClInclude Include="..\..\public\dme_controls\attributedetailtypepickerpanel.h">
      <Filter>Header Files</Filter>
    </ClInclude>
    <ClInclude Include="..\..\public\dme_controls\AttributeElementPanel.h">
      <Filter>Header Files</Filter>
    </ClInclude>
    <ClInclude Include="..\..\public\dme_controls\AttributeElementPickerPanel.h">
      <Filter>Header Files</Filter>
    </ClInclude>
    <ClInclude Include="..\..\public\dme_controls\AttributeFilePickerPanel.h">
      <Filter>Header Files</Filter>
    </ClInclude>
    <ClInclude Include="..\..\public\dme_controls\AttributeIntChoicePanel.h">
      <Filter>Header Files</Filter>
    </ClInclude>
    <ClInclude Include="..\..\public\dme_controls\AttributeInterpolatorChoicePanel.h">
      <Filter>Header Files</Filter>
    </ClInclude>
    <ClInclude Include="..\..\public\dme_controls\AttributeMDLPickerPanel.h">
      <Filter>Header Files</Filter>
    </ClInclude>
    <ClInclude Include="..\..\public\dme_controls\AttributeSequencePickerPanel.h">
      <Filter>Header Files</Filter>
    </ClInclude>
    <ClInclude Include="..\..\public\dme_controls\attributeshaderpickerpanel.h">
      <Filter>Header Files</Filter>
    </ClInclude>
    <ClInclude Include="..\..\public\dme_controls\attributeslider.h">
      <Filter>Header Files</Filter>
    </ClInclude>
    <ClInclude Include="..\..\public\dme_controls\AttributeSoundPickerPanel.h">
      <Filter>Header Files</Filter>
    </ClInclude>
    <ClInclude Include="..\..\public\dme_controls\AttributeStringChoicePanel.h">
      <Filter>Header Files</Filter>
    </ClInclude>
    <ClInclude Include="..\..\public\dme_controls\attributesurfacepropertypickerpanel.h">
      <Filter>Header Files</Filter>
    </ClInclude>
    <ClInclude Include="..\..\public\dme_controls\AttributeTextEntry.h">
      <Filter>Header Files</Filter>
    </ClInclude>
    <ClInclude Include="..\..\public\dme_controls\AttributeTextPanel.h">
      <Filter>Header Files</Filter>
    </ClInclude>
    <ClInclude Include="..\..\public\dme_controls\AttributeWidgetFactory.h">
      <Filter>Header Files</Filter>
    </ClInclude>
    <ClInclude Include="..\..\public\dme_controls\BaseAttributeChoicePanel.h">
      <Filter>Header Files</Filter>
    </ClInclude>
    <ClInclude Include="..\..\public\dme_controls\BaseAttributeDoubleChoicePanel.h">
      <Filter>Header Files</Filter>
    </ClInclude>
    <ClInclude Include="..\..\public\dme_controls\BaseAttributePanel.h">
      <Filter>Header Files</Filter>
    </ClInclude>
    <ClInclude Include="..\..\public\dme_controls\ChannelGraphPanel.h">
      <Filter>Header Files</Filter>
    </ClInclude>
    <ClInclude Include="..\..\public\dme_controls\dmecombinationsystemeditorpanel.h">
      <Filter>Header Files</Filter>
    </ClInclude>
    <ClInclude Include="..\..\public\dme_controls\dmecontrols.h">
      <Filter>Header Files</Filter>
    </ClInclude>
    <ClInclude Include="..\..\public\dme_controls\dmecontrols_utils.h">
      <Filter>Header Files</Filter>
    </ClInclude>
    <ClInclude Include="..\..\public\dme_controls\dmedageditpanel.h">
      <Filter>Header Files</Filter>
    </ClInclude>
    <ClInclude Include="..\..\public\dme_controls\dmedagrenderpanel.h">
      <Filter>Header Files</Filter>
    </ClInclude>
    <ClInclude Include="..\..\public\dme_controls\dmepanel.h">
      <Filter>Header Files</Filter>
    </ClInclude>
    <ClInclude Include="..\..\public\dme_controls\dmepicker.h">
      <Filter>Header Files</Filter>
    </ClInclude>
    <ClInclude Include="..\..\public\dme_controls\dmepresetgroupeditorpanel.h">
      <Filter>Header Files</Filter>
    </ClInclude>
    <ClInclude Include="..\..\public\dme_controls\DmeSourceDCCFilePanel.h">
      <Filter>Header Files</Filter>
    </ClInclude>
    <ClInclude Include="..\..\public\dme_controls\DmeSourceSkinPanel.h">
      <Filter>Header Files</Filter>
    </ClInclude>
    <ClInclude Include="..\..\public\dme_controls\ElementPropertiesTree.h">
      <Filter>Header Files</Filter>
    </ClInclude>
    <ClInclude Include="..\..\public\dme_controls\FileListManager.h">
      <Filter>Header Files</Filter>
    </ClInclude>
    <ClInclude Include="..\..\public\dme_controls\filtercombobox.h">
      <Filter>Header Files</Filter>
    </ClInclude>
    <ClInclude Include="..\..\public\dme_controls\inotifyui.h">
      <Filter>Header Files</Filter>
    </ClInclude>
    <ClInclude Include="..\..\public\dme_controls\manipulator.h">
      <Filter>Header Files</Filter>
    </ClInclude>
    <ClInclude Include="..\..\public\dme_controls\mdlpanel.h">
      <Filter>Header Files</Filter>
    </ClInclude>
    <ClInclude Include="..\..\public\dme_controls\mdlpicker.h">
      <Filter>Header Files</Filter>
    </ClInclude>
    <ClInclude Include="..\..\public\dme_controls\mdlsequencepicker.h">
      <Filter>Header Files</Filter>
    </ClInclude>
    <ClInclude Include="..\..\public\dme_controls\particlesystempanel.h">
      <Filter>Header Files</Filter>
    </ClInclude>
    <ClInclude Include="..\..\public\dme_controls\particlesystempropertiespanel.h">
      <Filter>Header Files</Filter>
    </ClInclude>
    <ClInclude Include="..\..\public\dme_controls\sequencepicker.h">
      <Filter>Header Files</Filter>
    </ClInclude>
    <ClInclude Include="..\..\public\dme_controls\simplepotterywheelpanel.h">
      <Filter>Header Files</Filter>
    </ClInclude>
    <ClInclude Include="..\..\public\dme_controls\soundpicker.h">
      <Filter>Header Files</Filter>
    </ClInclude>
    <ClInclude Include="..\..\public\dme_controls\soundrecordpanel.h">
      <Filter>Header Files</Filter>
    </ClInclude>
    <ClInclude Include="..\..\public\dme_controls\vmtpanel.h">
      <Filter>Header Files</Filter>
    </ClInclude>
  </ItemGroup>
</Project>