<?xml version="1.0" encoding="utf-8"?>
<Project ToolsVersion="4.0" xmlns="http://schemas.microsoft.com/developer/msbuild/2003">
  <ItemGroup>
    <Filter Include="Source Files">
      <UniqueIdentifier>{deeff3a6-540e-43c3-a995-ffab3ab54f80}</UniqueIdentifier>
    </Filter>
    <Filter Include="Interface">
      <UniqueIdentifier>{aaad6d5c-a50f-4116-b46e-741b88e6962a}</UniqueIdentifier>
    </Filter>
  </ItemGroup>
  <ItemGroup>
    <ClCompile Include="..\public\filesystem_init.cc">
      <Filter>Source Files</Filter>
    </ClCompile>
    <ClCompile Include="app_system_group.cc">
      <Filter>Source Files</Filter>
    </ClCompile>
    <ClCompile Include="vgui_mat_sys_app.cc">
      <Filter>Source Files</Filter>
    </ClCompile>
    <ClCompile Include="windows_app.cc">
      <Filter>Source Files</Filter>
    </ClCompile>
  </ItemGroup>
  <ItemGroup>
    <ClInclude Include="..\public\appframework\AppFramework.h">
      <Filter>Interface</Filter>
    </ClInclude>
    <ClInclude Include="..\public\appframework\IAppSystem.h">
      <Filter>Interface</Filter>
    </ClInclude>
    <ClInclude Include="..\public\appframework\IAppSystemGroup.h">
      <Filter>Interface</Filter>
    </ClInclude>
    <ClInclude Include="..\public\appframework\tier2app.h">
      <Filter>Interface</Filter>
    </ClInclude>
    <ClInclude Include="..\public\appframework\tier3app.h">
      <Filter>Interface</Filter>
    </ClInclude>
    <ClInclude Include="..\public\appframework\VguiMatSysApp.h">
      <Filter>Interface</Filter>
    </ClInclude>
  </ItemGroup>
</Project>