<?xml version="1.0" encoding="utf-8"?>
<Project ToolsVersion="4.0" xmlns="http://schemas.microsoft.com/developer/msbuild/2003">
  <ItemGroup>
    <Filter Include="Source Files">
      <UniqueIdentifier>{ae84c621-43a3-4bf9-bd5d-4aad0fd8711a}</UniqueIdentifier>
    </Filter>
    <Filter Include="Includes">
      <UniqueIdentifier>{a3a03241-e716-4f73-85f9-a5f98bfb65f3}</UniqueIdentifier>
    </Filter>
  </ItemGroup>
  <ItemGroup>
    <ClCompile Include="choreoutils.cpp">
      <Filter>Source Files</Filter>
    </ClCompile>
    <ClCompile Include="scenetokenprocessor.cpp">
      <Filter>Source Files</Filter>
    </ClCompile>
    <ClCompile Include="studiohdrstub.cpp">
      <Filter>Source Files</Filter>
    </ClCompile>
    <ClCompile Include="tier3.cpp">
      <Filter>Source Files</Filter>
    </ClCompile>
  </ItemGroup>
  <ItemGroup>
    <ClInclude Include="..\public\tier3\choreoutils.h">
      <Filter>Includes</Filter>
    </ClInclude>
    <ClInclude Include="..\public\tier3\scenetokenprocessor.h">
      <Filter>Includes</Filter>
    </ClInclude>
    <ClInclude Include="..\public\tier3\tier3.h">
      <Filter>Includes</Filter>
    </ClInclude>
    <ClInclude Include="..\public\tier3\tier3dm.h">
      <Filter>Includes</Filter>
    </ClInclude>
  </ItemGroup>
</Project>