
Microsoft Visual Studio Solution File, Format Version 12.00
# Visual Studio 15
VisualStudioVersion = 15.0.27004.2005
MinimumVisualStudioVersion = 10.0.40219.1
Project("{8BC9CEB8-8B4A-11D0-8D11-00A0C91BC942}") = "vpc", "vpc\vpc.vcxproj", "{B8632E92-9A8D-4315-9A38-907D8BA0D91F}"
EndProject
Global
	GlobalSection(SolutionConfigurationPlatforms) = preSolution
		Debug|Win32 = Debug|Win32
		Release|Win32 = Release|Win32
	EndGlobalSection
	GlobalSection(ProjectConfigurationPlatforms) = postSolution
		{B8632E92-9A8D-4315-9A38-907D8BA0D91F}.Debug|Win32.ActiveCfg = Debug|Win32
		{B8632E92-9A8D-4315-9A38-907D8BA0D91F}.Debug|Win32.Build.0 = Debug|Win32
		{B8632E92-9A8D-4315-9A38-907D8BA0D91F}.Release|Win32.ActiveCfg = Release|Win32
		{B8632E92-9A8D-4315-9A38-907D8BA0D91F}.Release|Win32.Build.0 = Release|Win32
	EndGlobalSection
	GlobalSection(SolutionProperties) = preSolution
		HideSolutionNode = FALSE
	EndGlobalSection
	GlobalSection(ExtensibilityGlobals) = postSolution
		SolutionGuid = {3392F24E-A9DD-48CA-8FCF-02CB37E94353}
	EndGlobalSection
EndGlobal
