<?xml version="1.0" encoding="utf-8"?>
<Project ToolsVersion="4.0" xmlns="http://schemas.microsoft.com/developer/msbuild/2003">
  <ItemGroup>
    <Filter Include="Source Files">
      <UniqueIdentifier>{04cefe76-7b9d-4f89-ba7b-40c74e879e14}</UniqueIdentifier>
    </Filter>
    <Filter Include="Includes">
      <UniqueIdentifier>{d044397e-c03a-456d-a61b-efc860ef6c91}</UniqueIdentifier>
    </Filter>
  </ItemGroup>
  <ItemGroup>
    <ClCompile Include="..\public\map_utils.cc">
      <Filter>Source Files</Filter>
    </ClCompile>
    <ClCompile Include="..\public\materialsystem\material_system_util.cc">
      <Filter>Source Files</Filter>
    </ClCompile>
    <ClCompile Include="mesh_utils.cc">
      <Filter>Source Files</Filter>
    </ClCompile>
    <ClCompile Include="p4_helpers.cc">
      <Filter>Source Files</Filter>
    </ClCompile>
    <ClCompile Include="render_utils.cc">
      <Filter>Source Files</Filter>
    </ClCompile>
    <ClCompile Include="riff.cc">
      <Filter>Source Files</Filter>
    </ClCompile>
    <ClCompile Include="sound_utils.cc">
      <Filter>Source Files</Filter>
    </ClCompile>
    <ClCompile Include="tier2.cc">
      <Filter>Source Files</Filter>
    </ClCompile>
    <ClCompile Include="tier2dm.cc">
      <Filter>Source Files</Filter>
    </ClCompile>
    <ClCompile Include="utl_stream_buffer.cc">
      <Filter>Source Files</Filter>
    </ClCompile>
    <ClCompile Include="vconfig.cc">
      <Filter>Source Files</Filter>
    </ClCompile>
    <ClCompile Include="beam_segment_draw.cc">
      <Filter>Source Files</Filter>
    </ClCompile>
    <ClCompile Include="default_file_system.cc">
      <Filter>Source Files</Filter>
    </ClCompile>
    <ClCompile Include="file_utils.cc">
      <Filter>Source Files</Filter>
    </ClCompile>
    <ClCompile Include="key_bindings.cc">
      <Filter>Source Files</Filter>
    </ClCompile>
  </ItemGroup>
  <ItemGroup>
    <ClInclude Include="..\public\tier2\beamsegdraw.h">
      <Filter>Includes</Filter>
    </ClInclude>
    <ClInclude Include="..\public\tier2\fileutils.h">
      <Filter>Includes</Filter>
    </ClInclude>
    <ClInclude Include="..\public\tier2\keybindings.h">
      <Filter>Includes</Filter>
    </ClInclude>
    <ClInclude Include="..\public\tier2\meshutils.h">
      <Filter>Includes</Filter>
    </ClInclude>
    <ClInclude Include="..\public\tier2\p4helpers.h">
      <Filter>Includes</Filter>
    </ClInclude>
    <ClInclude Include="..\public\tier2\renderutils.h">
      <Filter>Includes</Filter>
    </ClInclude>
    <ClInclude Include="..\public\tier2\riff.h">
      <Filter>Includes</Filter>
    </ClInclude>
    <ClInclude Include="..\public\tier2\soundutils.h">
      <Filter>Includes</Filter>
    </ClInclude>
    <ClInclude Include="..\public\tier2\tier2.h">
      <Filter>Includes</Filter>
    </ClInclude>
    <ClInclude Include="..\public\tier2\tier2dm.h">
      <Filter>Includes</Filter>
    </ClInclude>
    <ClInclude Include="..\public\tier2\utlstreambuffer.h">
      <Filter>Includes</Filter>
    </ClInclude>
    <ClInclude Include="..\public\tier2\vconfig.h">
      <Filter>Includes</Filter>
    </ClInclude>
  </ItemGroup>
</Project>